
Microsoft Visual Studio Solution File, Format Version 12.00
# Visual Studio 15
VisualStudioVersion = 15.0.28307.572
MinimumVisualStudioVersion = 10.0.40219.1
Project("{9A19103F-16F7-4668-BE54-9A1E7A4F7556}") = "wikidump", "wikidump\wikidump.csproj", "{0D211387-8889-4973-9CA0-4188E52F2C44}"
EndProject
Project("{9A19103F-16F7-4668-BE54-9A1E7A4F7556}") = "WikiDumpConverter", "WikiDumpConverter\WikiDumpConverter.csproj", "{9F71B169-5961-4A2A-95C2-97A19E859937}"
	ProjectSection(ProjectDependencies) = postProject
		{0D211387-8889-4973-9CA0-4188E52F2C44} = {0D211387-8889-4973-9CA0-4188E52F2C44}
	EndProjectSection
EndProject
Global
	GlobalSection(SolutionConfigurationPlatforms) = preSolution
		Debug|Any CPU = Debug|Any CPU
		Release|Any CPU = Release|Any CPU
	EndGlobalSection
	GlobalSection(ProjectConfigurationPlatforms) = postSolution
		{0D211387-8889-4973-9CA0-4188E52F2C44}.Debug|Any CPU.ActiveCfg = Debug|Any CPU
		{0D211387-8889-4973-9CA0-4188E52F2C44}.Debug|Any CPU.Build.0 = Debug|Any CPU
		{0D211387-8889-4973-9CA0-4188E52F2C44}.Release|Any CPU.ActiveCfg = Release|Any CPU
		{0D211387-8889-4973-9CA0-4188E52F2C44}.Release|Any CPU.Build.0 = Release|Any CPU
		{9F71B169-5961-4A2A-95C2-97A19E859937}.Debug|Any CPU.ActiveCfg = Debug|Any CPU
		{9F71B169-5961-4A2A-95C2-97A19E859937}.Debug|Any CPU.Build.0 = Debug|Any CPU
		{9F71B169-5961-4A2A-95C2-97A19E859937}.Release|Any CPU.ActiveCfg = Release|Any CPU
		{9F71B169-5961-4A2A-95C2-97A19E859937}.Release|Any CPU.Build.0 = Release|Any CPU
	EndGlobalSection
	GlobalSection(SolutionProperties) = preSolution
		HideSolutionNode = FALSE
	EndGlobalSection
	GlobalSection(ExtensibilityGlobals) = postSolution
		SolutionGuid = {588B1446-9196-44DC-B3DE-C617B2B9F7F3}
	EndGlobalSection
EndGlobal
